
Microsoft Visual Studio Solution File, Format Version 12.00
# Visual Studio 15
VisualStudioVersion = 15.0.28010.2041
MinimumVisualStudioVersion = 10.0.40219.1
Project("{8BC9CEB8-8B4A-11D0-8D11-00A0C91BC942}") = "数据结构作业6.1", "数据结构作业6.1\数据结构作业6.1.vcxproj", "{EBA21F75-548F-4714-99C7-8BD458EEA6FD}"
EndProject
Global
	GlobalSection(SolutionConfigurationPlatforms) = preSolution
		Debug|x64 = Debug|x64
		Debug|x86 = Debug|x86
		Release|x64 = Release|x64
		Release|x86 = Release|x86
	EndGlobalSection
	GlobalSection(ProjectConfigurationPlatforms) = postSolution
		{EBA21F75-548F-4714-99C7-8BD458EEA6FD}.Debug|x64.ActiveCfg = Debug|x64
		{EBA21F75-548F-4714-99C7-8BD458EEA6FD}.Debug|x64.Build.0 = Debug|x64
		{EBA21F75-548F-4714-99C7-8BD458EEA6FD}.Debug|x86.ActiveCfg = Debug|Win32
		{EBA21F75-548F-4714-99C7-8BD458EEA6FD}.Debug|x86.Build.0 = Debug|Win32
		{EBA21F75-548F-4714-99C7-8BD458EEA6FD}.Release|x64.ActiveCfg = Release|x64
		{EBA21F75-548F-4714-99C7-8BD458EEA6FD}.Release|x64.Build.0 = Release|x64
		{EBA21F75-548F-4714-99C7-8BD458EEA6FD}.Release|x86.ActiveCfg = Release|Win32
		{EBA21F75-548F-4714-99C7-8BD458EEA6FD}.Release|x86.Build.0 = Release|Win32
	EndGlobalSection
	GlobalSection(SolutionProperties) = preSolution
		HideSolutionNode = FALSE
	EndGlobalSection
	GlobalSection(ExtensibilityGlobals) = postSolution
		SolutionGuid = {2E890094-D19F-41FE-AC83-4A6B4F5A2E2A}
	EndGlobalSection
EndGlobal
