
Microsoft Visual Studio Solution File, Format Version 12.00
# Visual Studio 15
VisualStudioVersion = 15.0.28010.2041
MinimumVisualStudioVersion = 10.0.40219.1
Project("{8BC9CEB8-8B4A-11D0-8D11-00A0C91BC942}") = "数据结构_多项式运算", "数据结构_多项式运算\数据结构_多项式运算.vcxproj", "{ECDE9083-5DCA-4D72-95B5-692B107E5379}"
EndProject
Global
	GlobalSection(SolutionConfigurationPlatforms) = preSolution
		Debug|x64 = Debug|x64
		Debug|x86 = Debug|x86
		Release|x64 = Release|x64
		Release|x86 = Release|x86
	EndGlobalSection
	GlobalSection(ProjectConfigurationPlatforms) = postSolution
		{ECDE9083-5DCA-4D72-95B5-692B107E5379}.Debug|x64.ActiveCfg = Debug|x64
		{ECDE9083-5DCA-4D72-95B5-692B107E5379}.Debug|x64.Build.0 = Debug|x64
		{ECDE9083-5DCA-4D72-95B5-692B107E5379}.Debug|x86.ActiveCfg = Debug|Win32
		{ECDE9083-5DCA-4D72-95B5-692B107E5379}.Debug|x86.Build.0 = Debug|Win32
		{ECDE9083-5DCA-4D72-95B5-692B107E5379}.Release|x64.ActiveCfg = Release|x64
		{ECDE9083-5DCA-4D72-95B5-692B107E5379}.Release|x64.Build.0 = Release|x64
		{ECDE9083-5DCA-4D72-95B5-692B107E5379}.Release|x86.ActiveCfg = Release|Win32
		{ECDE9083-5DCA-4D72-95B5-692B107E5379}.Release|x86.Build.0 = Release|Win32
	EndGlobalSection
	GlobalSection(SolutionProperties) = preSolution
		HideSolutionNode = FALSE
	EndGlobalSection
	GlobalSection(ExtensibilityGlobals) = postSolution
		SolutionGuid = {B6DD55C7-922A-4002-8CC3-E4718C1DA896}
	EndGlobalSection
EndGlobal
